
Microsoft Visual Studio Solution File, Format Version 10.00
# Visual Studio 2008
Project("{2150E333-8FDC-42A3-9474-1A3956D46DE8}") = "Solution Items", "Solution Items", "{F2E34B32-5533-4156-BFC2-076716787EC6}"
EndProject
Project("{8BC9CEB8-8B4A-11D0-8D11-00A0C91BC942}") = "LabelsHist", "LabelsHist\LabelsHist.vcproj", "{95F927AA-0C85-44DB-AF8C-35F6CC36DC53}"
EndProject
Project("{8BC9CEB8-8B4A-11D0-8D11-00A0C91BC942}") = "SelectLabels", "SelectLabels\SelectLabels.vcproj", "{547A8A76-4291-4A93-B019-6FEBA0C3FDD8}"
EndProject
Project("{8BC9CEB8-8B4A-11D0-8D11-00A0C91BC942}") = "FastInterp2", "Interp2\FastInterp2.vcproj", "{1BCB7BDB-C21D-4B41-970B-45E0F8CAE9D9}"
EndProject
Project("{8BC9CEB8-8B4A-11D0-8D11-00A0C91BC942}") = "Viterbi", "Viterbi\Viterbi.vcproj", "{FE7D91DE-D575-4301-BD23-2B1AF8002C1A}"
EndProject
Project("{8BC9CEB8-8B4A-11D0-8D11-00A0C91BC942}") = "EM", "EM\fnEM.vcproj", "{C1E07C49-9C8A-4ECE-9FDE-87582A0B9D95}"
EndProject
Project("{8BC9CEB8-8B4A-11D0-8D11-00A0C91BC942}") = "ViterbiLikelihood", "ViterbiLikelihood\ViterbiLikelihood.vcproj", "{D8AF8DFA-23E6-455C-BD74-1EF8EFDD75C5}"
EndProject
Project("{8BC9CEB8-8B4A-11D0-8D11-00A0C91BC942}") = "EllipseEllipseIntersection", "EllipseEllipseIntersection\EllipseEllipseIntersection.vcproj", "{F9612568-B275-4133-B518-A4DC6F539024}"
EndProject
Project("{8BC9CEB8-8B4A-11D0-8D11-00A0C91BC942}") = "ViterbiTransition", "ViterbiTransition\ViterbiTransition.vcproj", "{3E482672-D18A-4265-97CD-2DEE91871F1D}"
EndProject
Project("{8BC9CEB8-8B4A-11D0-8D11-00A0C91BC942}") = "ViterbiLikelihood_1AA", "ViterbiLikelihood1AA\ViterbiLikelihood1AA.vcproj", "{F88246C5-6D3E-4CD1-B83D-DF97AD55A6AB}"
EndProject
Project("{8BC9CEB8-8B4A-11D0-8D11-00A0C91BC942}") = "EllipseBBoxIntersection", "EllipseBBoxIntersection\EllipseBBoxIntersection.vcproj", "{B346AD08-D968-4CE5-9A95-3EBC06F8A2C4}"
EndProject
Project("{8BC9CEB8-8B4A-11D0-8D11-00A0C91BC942}") = "ViterbiOnTheFly", "ViterbiOnTheFly\ViterbiOnTheFly.vcproj", "{19030E62-99B2-42AE-A0E7-EC68E2C2F411}"
EndProject
Project("{8BC9CEB8-8B4A-11D0-8D11-00A0C91BC942}") = "DetectBehavior", "DetectBehavior\DetectBehavior.vcproj", "{D47AFB8B-8E2E-4B09-8C50-9652774CEE6D}"
EndProject
Project("{8BC9CEB8-8B4A-11D0-8D11-00A0C91BC942}") = "Keyscan", "Keyscan\Keyscan.vcproj", "{8A3B4CD7-946A-410E-9FD7-C57AE57EA78C}"
EndProject
Project("{8BC9CEB8-8B4A-11D0-8D11-00A0C91BC942}") = "IntervalHist", "IntervalHist\IntervalHist.vcproj", "{EA00F081-8D7A-42E8-8172-13F604BB71F2}"
EndProject
Project("{8BC9CEB8-8B4A-11D0-8D11-00A0C91BC942}") = "HOGfeatures", "HOGFeatures\HOGfeatures.vcproj", "{32E32CA4-1A15-4282-AB50-DC8DCD641477}"
EndProject
Project("{8BC9CEB8-8B4A-11D0-8D11-00A0C91BC942}") = "CovInd", "CovInd\CovInd.vcproj", "{283FB0DE-C56A-454E-BC25-B5AD7E9FEAFC}"
EndProject
Project("{8BC9CEB8-8B4A-11D0-8D11-00A0C91BC942}") = "MultInd", "MultInd\MultInd.vcproj", "{07B5A945-21F1-49BC-BBBC-7A83E82EACB8}"
EndProject
Project("{8BC9CEB8-8B4A-11D0-8D11-00A0C91BC942}") = "ViterbiLikelihoodForHeadTail", "ViterbiLikelihoodForHeadTail\ViterbiLikelihoodForHeadTail.vcproj", "{03998F93-ADAA-461F-9074-532EA476CF54}"
EndProject
Project("{8BC9CEB8-8B4A-11D0-8D11-00A0C91BC942}") = "PointPointDist", "PointPointDist\PointPointDist.vcproj", "{6BA79CBA-E5FC-4C0D-8344-F71EF23C3C8E}"
EndProject
Global
	GlobalSection(SolutionConfigurationPlatforms) = preSolution
		Debug|Win32 = Debug|Win32
		Debug|x64 = Debug|x64
		Release|Win32 = Release|Win32
		Release|x64 = Release|x64
	EndGlobalSection
	GlobalSection(ProjectConfigurationPlatforms) = postSolution
		{95F927AA-0C85-44DB-AF8C-35F6CC36DC53}.Debug|Win32.ActiveCfg = Debug|Win32
		{95F927AA-0C85-44DB-AF8C-35F6CC36DC53}.Debug|Win32.Build.0 = Debug|Win32
		{95F927AA-0C85-44DB-AF8C-35F6CC36DC53}.Debug|x64.ActiveCfg = Debug|x64
		{95F927AA-0C85-44DB-AF8C-35F6CC36DC53}.Debug|x64.Build.0 = Debug|x64
		{95F927AA-0C85-44DB-AF8C-35F6CC36DC53}.Release|Win32.ActiveCfg = Release|Win32
		{95F927AA-0C85-44DB-AF8C-35F6CC36DC53}.Release|Win32.Build.0 = Release|Win32
		{95F927AA-0C85-44DB-AF8C-35F6CC36DC53}.Release|x64.ActiveCfg = Release|x64
		{95F927AA-0C85-44DB-AF8C-35F6CC36DC53}.Release|x64.Build.0 = Release|x64
		{547A8A76-4291-4A93-B019-6FEBA0C3FDD8}.Debug|Win32.ActiveCfg = Debug|Win32
		{547A8A76-4291-4A93-B019-6FEBA0C3FDD8}.Debug|Win32.Build.0 = Debug|Win32
		{547A8A76-4291-4A93-B019-6FEBA0C3FDD8}.Debug|x64.ActiveCfg = Debug|x64
		{547A8A76-4291-4A93-B019-6FEBA0C3FDD8}.Debug|x64.Build.0 = Debug|x64
		{547A8A76-4291-4A93-B019-6FEBA0C3FDD8}.Release|Win32.ActiveCfg = Release|Win32
		{547A8A76-4291-4A93-B019-6FEBA0C3FDD8}.Release|Win32.Build.0 = Release|Win32
		{547A8A76-4291-4A93-B019-6FEBA0C3FDD8}.Release|x64.ActiveCfg = Release|x64
		{547A8A76-4291-4A93-B019-6FEBA0C3FDD8}.Release|x64.Build.0 = Release|x64
		{1BCB7BDB-C21D-4B41-970B-45E0F8CAE9D9}.Debug|Win32.ActiveCfg = Debug|Win32
		{1BCB7BDB-C21D-4B41-970B-45E0F8CAE9D9}.Debug|Win32.Build.0 = Debug|Win32
		{1BCB7BDB-C21D-4B41-970B-45E0F8CAE9D9}.Debug|x64.ActiveCfg = Debug|x64
		{1BCB7BDB-C21D-4B41-970B-45E0F8CAE9D9}.Debug|x64.Build.0 = Debug|x64
		{1BCB7BDB-C21D-4B41-970B-45E0F8CAE9D9}.Release|Win32.ActiveCfg = Release|Win32
		{1BCB7BDB-C21D-4B41-970B-45E0F8CAE9D9}.Release|Win32.Build.0 = Release|Win32
		{1BCB7BDB-C21D-4B41-970B-45E0F8CAE9D9}.Release|x64.ActiveCfg = Release|x64
		{1BCB7BDB-C21D-4B41-970B-45E0F8CAE9D9}.Release|x64.Build.0 = Release|x64
		{FE7D91DE-D575-4301-BD23-2B1AF8002C1A}.Debug|Win32.ActiveCfg = Debug|Win32
		{FE7D91DE-D575-4301-BD23-2B1AF8002C1A}.Debug|Win32.Build.0 = Debug|Win32
		{FE7D91DE-D575-4301-BD23-2B1AF8002C1A}.Debug|x64.ActiveCfg = Debug|x64
		{FE7D91DE-D575-4301-BD23-2B1AF8002C1A}.Debug|x64.Build.0 = Debug|x64
		{FE7D91DE-D575-4301-BD23-2B1AF8002C1A}.Release|Win32.ActiveCfg = Release|Win32
		{FE7D91DE-D575-4301-BD23-2B1AF8002C1A}.Release|Win32.Build.0 = Release|Win32
		{FE7D91DE-D575-4301-BD23-2B1AF8002C1A}.Release|x64.ActiveCfg = Release|x64
		{FE7D91DE-D575-4301-BD23-2B1AF8002C1A}.Release|x64.Build.0 = Release|x64
		{C1E07C49-9C8A-4ECE-9FDE-87582A0B9D95}.Debug|Win32.ActiveCfg = Debug|Win32
		{C1E07C49-9C8A-4ECE-9FDE-87582A0B9D95}.Debug|Win32.Build.0 = Debug|Win32
		{C1E07C49-9C8A-4ECE-9FDE-87582A0B9D95}.Debug|x64.ActiveCfg = Debug|x64
		{C1E07C49-9C8A-4ECE-9FDE-87582A0B9D95}.Debug|x64.Build.0 = Debug|x64
		{C1E07C49-9C8A-4ECE-9FDE-87582A0B9D95}.Release|Win32.ActiveCfg = Release|Win32
		{C1E07C49-9C8A-4ECE-9FDE-87582A0B9D95}.Release|Win32.Build.0 = Release|Win32
		{C1E07C49-9C8A-4ECE-9FDE-87582A0B9D95}.Release|x64.ActiveCfg = Release|x64
		{C1E07C49-9C8A-4ECE-9FDE-87582A0B9D95}.Release|x64.Build.0 = Release|x64
		{D8AF8DFA-23E6-455C-BD74-1EF8EFDD75C5}.Debug|Win32.ActiveCfg = Debug|Win32
		{D8AF8DFA-23E6-455C-BD74-1EF8EFDD75C5}.Debug|Win32.Build.0 = Debug|Win32
		{D8AF8DFA-23E6-455C-BD74-1EF8EFDD75C5}.Debug|x64.ActiveCfg = Debug|x64
		{D8AF8DFA-23E6-455C-BD74-1EF8EFDD75C5}.Debug|x64.Build.0 = Debug|x64
		{D8AF8DFA-23E6-455C-BD74-1EF8EFDD75C5}.Release|Win32.ActiveCfg = Release|Win32
		{D8AF8DFA-23E6-455C-BD74-1EF8EFDD75C5}.Release|Win32.Build.0 = Release|Win32
		{D8AF8DFA-23E6-455C-BD74-1EF8EFDD75C5}.Release|x64.ActiveCfg = Release|x64
		{D8AF8DFA-23E6-455C-BD74-1EF8EFDD75C5}.Release|x64.Build.0 = Release|x64
		{F9612568-B275-4133-B518-A4DC6F539024}.Debug|Win32.ActiveCfg = Debug|Win32
		{F9612568-B275-4133-B518-A4DC6F539024}.Debug|Win32.Build.0 = Debug|Win32
		{F9612568-B275-4133-B518-A4DC6F539024}.Debug|x64.ActiveCfg = Debug|x64
		{F9612568-B275-4133-B518-A4DC6F539024}.Debug|x64.Build.0 = Debug|x64
		{F9612568-B275-4133-B518-A4DC6F539024}.Release|Win32.ActiveCfg = Release|Win32
		{F9612568-B275-4133-B518-A4DC6F539024}.Release|Win32.Build.0 = Release|Win32
		{F9612568-B275-4133-B518-A4DC6F539024}.Release|x64.ActiveCfg = Release|x64
		{F9612568-B275-4133-B518-A4DC6F539024}.Release|x64.Build.0 = Release|x64
		{3E482672-D18A-4265-97CD-2DEE91871F1D}.Debug|Win32.ActiveCfg = Debug|Win32
		{3E482672-D18A-4265-97CD-2DEE91871F1D}.Debug|Win32.Build.0 = Debug|Win32
		{3E482672-D18A-4265-97CD-2DEE91871F1D}.Debug|x64.ActiveCfg = Debug|x64
		{3E482672-D18A-4265-97CD-2DEE91871F1D}.Debug|x64.Build.0 = Debug|x64
		{3E482672-D18A-4265-97CD-2DEE91871F1D}.Release|Win32.ActiveCfg = Release|Win32
		{3E482672-D18A-4265-97CD-2DEE91871F1D}.Release|Win32.Build.0 = Release|Win32
		{3E482672-D18A-4265-97CD-2DEE91871F1D}.Release|x64.ActiveCfg = Release|x64
		{3E482672-D18A-4265-97CD-2DEE91871F1D}.Release|x64.Build.0 = Release|x64
		{F88246C5-6D3E-4CD1-B83D-DF97AD55A6AB}.Debug|Win32.ActiveCfg = Debug|Win32
		{F88246C5-6D3E-4CD1-B83D-DF97AD55A6AB}.Debug|Win32.Build.0 = Debug|Win32
		{F88246C5-6D3E-4CD1-B83D-DF97AD55A6AB}.Debug|x64.ActiveCfg = Debug|x64
		{F88246C5-6D3E-4CD1-B83D-DF97AD55A6AB}.Debug|x64.Build.0 = Debug|x64
		{F88246C5-6D3E-4CD1-B83D-DF97AD55A6AB}.Release|Win32.ActiveCfg = Release|Win32
		{F88246C5-6D3E-4CD1-B83D-DF97AD55A6AB}.Release|Win32.Build.0 = Release|Win32
		{F88246C5-6D3E-4CD1-B83D-DF97AD55A6AB}.Release|x64.ActiveCfg = Release|x64
		{F88246C5-6D3E-4CD1-B83D-DF97AD55A6AB}.Release|x64.Build.0 = Release|x64
		{B346AD08-D968-4CE5-9A95-3EBC06F8A2C4}.Debug|Win32.ActiveCfg = Debug|Win32
		{B346AD08-D968-4CE5-9A95-3EBC06F8A2C4}.Debug|Win32.Build.0 = Debug|Win32
		{B346AD08-D968-4CE5-9A95-3EBC06F8A2C4}.Debug|x64.ActiveCfg = Debug|x64
		{B346AD08-D968-4CE5-9A95-3EBC06F8A2C4}.Debug|x64.Build.0 = Debug|x64
		{B346AD08-D968-4CE5-9A95-3EBC06F8A2C4}.Release|Win32.ActiveCfg = Release|Win32
		{B346AD08-D968-4CE5-9A95-3EBC06F8A2C4}.Release|Win32.Build.0 = Release|Win32
		{B346AD08-D968-4CE5-9A95-3EBC06F8A2C4}.Release|x64.ActiveCfg = Release|x64
		{B346AD08-D968-4CE5-9A95-3EBC06F8A2C4}.Release|x64.Build.0 = Release|x64
		{19030E62-99B2-42AE-A0E7-EC68E2C2F411}.Debug|Win32.ActiveCfg = Debug|Win32
		{19030E62-99B2-42AE-A0E7-EC68E2C2F411}.Debug|Win32.Build.0 = Debug|Win32
		{19030E62-99B2-42AE-A0E7-EC68E2C2F411}.Debug|x64.ActiveCfg = Debug|x64
		{19030E62-99B2-42AE-A0E7-EC68E2C2F411}.Debug|x64.Build.0 = Debug|x64
		{19030E62-99B2-42AE-A0E7-EC68E2C2F411}.Release|Win32.ActiveCfg = Release|Win32
		{19030E62-99B2-42AE-A0E7-EC68E2C2F411}.Release|Win32.Build.0 = Release|Win32
		{19030E62-99B2-42AE-A0E7-EC68E2C2F411}.Release|x64.ActiveCfg = Release|x64
		{19030E62-99B2-42AE-A0E7-EC68E2C2F411}.Release|x64.Build.0 = Release|x64
		{D47AFB8B-8E2E-4B09-8C50-9652774CEE6D}.Debug|Win32.ActiveCfg = Debug|Win32
		{D47AFB8B-8E2E-4B09-8C50-9652774CEE6D}.Debug|Win32.Build.0 = Debug|Win32
		{D47AFB8B-8E2E-4B09-8C50-9652774CEE6D}.Debug|x64.ActiveCfg = Debug|x64
		{D47AFB8B-8E2E-4B09-8C50-9652774CEE6D}.Debug|x64.Build.0 = Debug|x64
		{D47AFB8B-8E2E-4B09-8C50-9652774CEE6D}.Release|Win32.ActiveCfg = Release|Win32
		{D47AFB8B-8E2E-4B09-8C50-9652774CEE6D}.Release|Win32.Build.0 = Release|Win32
		{D47AFB8B-8E2E-4B09-8C50-9652774CEE6D}.Release|x64.ActiveCfg = Release|x64
		{D47AFB8B-8E2E-4B09-8C50-9652774CEE6D}.Release|x64.Build.0 = Release|x64
		{8A3B4CD7-946A-410E-9FD7-C57AE57EA78C}.Debug|Win32.ActiveCfg = Debug|Win32
		{8A3B4CD7-946A-410E-9FD7-C57AE57EA78C}.Debug|Win32.Build.0 = Debug|Win32
		{8A3B4CD7-946A-410E-9FD7-C57AE57EA78C}.Debug|x64.ActiveCfg = Debug|x64
		{8A3B4CD7-946A-410E-9FD7-C57AE57EA78C}.Debug|x64.Build.0 = Debug|x64
		{8A3B4CD7-946A-410E-9FD7-C57AE57EA78C}.Release|Win32.ActiveCfg = Release|Win32
		{8A3B4CD7-946A-410E-9FD7-C57AE57EA78C}.Release|Win32.Build.0 = Release|Win32
		{8A3B4CD7-946A-410E-9FD7-C57AE57EA78C}.Release|x64.ActiveCfg = Release|x64
		{8A3B4CD7-946A-410E-9FD7-C57AE57EA78C}.Release|x64.Build.0 = Release|x64
		{EA00F081-8D7A-42E8-8172-13F604BB71F2}.Debug|Win32.ActiveCfg = Debug|Win32
		{EA00F081-8D7A-42E8-8172-13F604BB71F2}.Debug|Win32.Build.0 = Debug|Win32
		{EA00F081-8D7A-42E8-8172-13F604BB71F2}.Debug|x64.ActiveCfg = Debug|x64
		{EA00F081-8D7A-42E8-8172-13F604BB71F2}.Debug|x64.Build.0 = Debug|x64
		{EA00F081-8D7A-42E8-8172-13F604BB71F2}.Release|Win32.ActiveCfg = Release|Win32
		{EA00F081-8D7A-42E8-8172-13F604BB71F2}.Release|Win32.Build.0 = Release|Win32
		{EA00F081-8D7A-42E8-8172-13F604BB71F2}.Release|x64.ActiveCfg = Release|x64
		{EA00F081-8D7A-42E8-8172-13F604BB71F2}.Release|x64.Build.0 = Release|x64
		{32E32CA4-1A15-4282-AB50-DC8DCD641477}.Debug|Win32.ActiveCfg = Debug|Win32
		{32E32CA4-1A15-4282-AB50-DC8DCD641477}.Debug|Win32.Build.0 = Debug|Win32
		{32E32CA4-1A15-4282-AB50-DC8DCD641477}.Debug|x64.ActiveCfg = Debug|x64
		{32E32CA4-1A15-4282-AB50-DC8DCD641477}.Debug|x64.Build.0 = Debug|x64
		{32E32CA4-1A15-4282-AB50-DC8DCD641477}.Release|Win32.ActiveCfg = Release|Win32
		{32E32CA4-1A15-4282-AB50-DC8DCD641477}.Release|Win32.Build.0 = Release|Win32
		{32E32CA4-1A15-4282-AB50-DC8DCD641477}.Release|x64.ActiveCfg = Release|x64
		{32E32CA4-1A15-4282-AB50-DC8DCD641477}.Release|x64.Build.0 = Release|x64
		{283FB0DE-C56A-454E-BC25-B5AD7E9FEAFC}.Debug|Win32.ActiveCfg = Debug|Win32
		{283FB0DE-C56A-454E-BC25-B5AD7E9FEAFC}.Debug|Win32.Build.0 = Debug|Win32
		{283FB0DE-C56A-454E-BC25-B5AD7E9FEAFC}.Debug|x64.ActiveCfg = Debug|x64
		{283FB0DE-C56A-454E-BC25-B5AD7E9FEAFC}.Debug|x64.Build.0 = Debug|x64
		{283FB0DE-C56A-454E-BC25-B5AD7E9FEAFC}.Release|Win32.ActiveCfg = Release|Win32
		{283FB0DE-C56A-454E-BC25-B5AD7E9FEAFC}.Release|Win32.Build.0 = Release|Win32
		{283FB0DE-C56A-454E-BC25-B5AD7E9FEAFC}.Release|x64.ActiveCfg = Release|x64
		{283FB0DE-C56A-454E-BC25-B5AD7E9FEAFC}.Release|x64.Build.0 = Release|x64
		{07B5A945-21F1-49BC-BBBC-7A83E82EACB8}.Debug|Win32.ActiveCfg = Debug|Win32
		{07B5A945-21F1-49BC-BBBC-7A83E82EACB8}.Debug|Win32.Build.0 = Debug|Win32
		{07B5A945-21F1-49BC-BBBC-7A83E82EACB8}.Debug|x64.ActiveCfg = Debug|x64
		{07B5A945-21F1-49BC-BBBC-7A83E82EACB8}.Debug|x64.Build.0 = Debug|x64
		{07B5A945-21F1-49BC-BBBC-7A83E82EACB8}.Release|Win32.ActiveCfg = Release|Win32
		{07B5A945-21F1-49BC-BBBC-7A83E82EACB8}.Release|Win32.Build.0 = Release|Win32
		{07B5A945-21F1-49BC-BBBC-7A83E82EACB8}.Release|x64.ActiveCfg = Release|x64
		{07B5A945-21F1-49BC-BBBC-7A83E82EACB8}.Release|x64.Build.0 = Release|x64
		{03998F93-ADAA-461F-9074-532EA476CF54}.Debug|Win32.ActiveCfg = Debug|Win32
		{03998F93-ADAA-461F-9074-532EA476CF54}.Debug|Win32.Build.0 = Debug|Win32
		{03998F93-ADAA-461F-9074-532EA476CF54}.Debug|x64.ActiveCfg = Debug|x64
		{03998F93-ADAA-461F-9074-532EA476CF54}.Debug|x64.Build.0 = Debug|x64
		{03998F93-ADAA-461F-9074-532EA476CF54}.Release|Win32.ActiveCfg = Release|Win32
		{03998F93-ADAA-461F-9074-532EA476CF54}.Release|Win32.Build.0 = Release|Win32
		{03998F93-ADAA-461F-9074-532EA476CF54}.Release|x64.ActiveCfg = Release|x64
		{03998F93-ADAA-461F-9074-532EA476CF54}.Release|x64.Build.0 = Release|x64
		{6BA79CBA-E5FC-4C0D-8344-F71EF23C3C8E}.Debug|Win32.ActiveCfg = Debug|Win32
		{6BA79CBA-E5FC-4C0D-8344-F71EF23C3C8E}.Debug|Win32.Build.0 = Debug|Win32
		{6BA79CBA-E5FC-4C0D-8344-F71EF23C3C8E}.Debug|x64.ActiveCfg = Debug|x64
		{6BA79CBA-E5FC-4C0D-8344-F71EF23C3C8E}.Debug|x64.Build.0 = Debug|x64
		{6BA79CBA-E5FC-4C0D-8344-F71EF23C3C8E}.Release|Win32.ActiveCfg = Release|Win32
		{6BA79CBA-E5FC-4C0D-8344-F71EF23C3C8E}.Release|Win32.Build.0 = Release|Win32
		{6BA79CBA-E5FC-4C0D-8344-F71EF23C3C8E}.Release|x64.ActiveCfg = Release|x64
		{6BA79CBA-E5FC-4C0D-8344-F71EF23C3C8E}.Release|x64.Build.0 = Release|x64
	EndGlobalSection
	GlobalSection(SolutionProperties) = preSolution
		HideSolutionNode = FALSE
	EndGlobalSection
EndGlobal
